# This is a Gradle generated file for dependency locking.
# Manual edits can break the build and are not advised.
# This file is expected to be part of source control.
androidx.activity:activity:1.1.0
androidx.annotation:annotation:1.1.0
androidx.appcompat:appcompat-resources:1.1.0
androidx.appcompat:appcompat:1.1.0
androidx.arch.core:core-common:2.1.0
androidx.arch.core:core-runtime:2.1.0
androidx.collection:collection:1.1.0
androidx.core:core:1.1.0
androidx.cursoradapter:cursoradapter:1.0.0
androidx.customview:customview:1.0.0
androidx.drawerlayout:drawerlayout:1.0.0
androidx.fragment:fragment:1.2.1
androidx.interpolator:interpolator:1.0.0
androidx.lifecycle:lifecycle-common:2.2.0
androidx.lifecycle:lifecycle-livedata-core:2.2.0
androidx.lifecycle:lifecycle-livedata:2.0.0
androidx.lifecycle:lifecycle-runtime:2.2.0
androidx.lifecycle:lifecycle-viewmodel-savedstate:2.2.0
androidx.lifecycle:lifecycle-viewmodel:2.2.0
androidx.loader:loader:1.0.0
androidx.multidex:multidex:2.0.0
androidx.savedstate:savedstate:1.0.0
androidx.swiperefreshlayout:swiperefreshlayout:1.0.0
androidx.vectordrawable:vectordrawable-animated:1.1.0
androidx.vectordrawable:vectordrawable:1.1.0
androidx.versionedparcelable:versionedparcelable:1.1.0
androidx.viewpager:viewpager:1.0.0
com.facebook.fbjni:fbjni-java-only:0.0.3
com.facebook.flipper:flipper-fresco-plugin:0.76.0
com.facebook.flipper:flipper-network-plugin:0.76.0
com.facebook.flipper:flipper:0.76.0
com.facebook.fresco:drawee:2.2.0
com.facebook.fresco:fbcore:2.2.0
com.facebook.fresco:fresco:2.2.0
com.facebook.fresco:imagepipeline-base:2.2.0
com.facebook.fresco:imagepipeline-native:2.2.0
com.facebook.fresco:imagepipeline-okhttp3:2.0.0
com.facebook.fresco:imagepipeline:2.2.0
com.facebook.fresco:memory-type-ashmem:2.2.0
com.facebook.fresco:memory-type-java:2.2.0
com.facebook.fresco:memory-type-native:2.2.0
com.facebook.fresco:nativeimagefilters:2.2.0
com.facebook.fresco:nativeimagetranscoder:2.2.0
com.facebook.infer.annotation:infer-annotation:0.11.2
com.facebook.react:react-native:0.63.4
com.facebook.soloader:annotation:0.10.1
com.facebook.soloader:nativeloader:0.10.1
com.facebook.soloader:soloader:0.10.1
com.facebook.yoga:proguard-annotations:1.14.1
com.google.code.findbugs:jsr305:3.0.2
com.parse.bolts:bolts-applinks:1.4.0
com.parse.bolts:bolts-tasks:1.4.0
com.squareup.okhttp3:okhttp-urlconnection:3.12.12
com.squareup.okhttp3:okhttp:3.12.12
com.squareup.okio:okio:1.15.0
io.sentry:sentry-android-core:2.2.0
io.sentry:sentry-android-ndk:2.2.0
io.sentry:sentry-android:2.2.0
io.sentry:sentry-core:2.2.0
javax.inject:javax.inject:1
